
Microsoft Visual Studio Solution File, Format Version 12.00
# Visual Studio Version 16
VisualStudioVersion = 16.0.33027.164
MinimumVisualStudioVersion = 10.0.40219.1
Project("{9A19103F-16F7-4668-BE54-9A1E7A4F7556}") = "WebApiTest", "WebApiTest.csproj", "{43D914CD-8BBC-4A50-AF05-BC9E2CD23F82}"
EndProject
Project("{E53339B2-1760-4266-BCC7-CA923CBCF16C}") = "docker-compose", "docker-compose.dcproj", "{785A962D-EF56-46A3-85C4-38DACA4C0DF1}"
EndProject
Global
	GlobalSection(SolutionConfigurationPlatforms) = preSolution
		Debug|Any CPU = Debug|Any CPU
		Release|Any CPU = Release|Any CPU
	EndGlobalSection
	GlobalSection(ProjectConfigurationPlatforms) = postSolution
		{43D914CD-8BBC-4A50-AF05-BC9E2CD23F82}.Debug|Any CPU.ActiveCfg = Debug|Any CPU
		{43D914CD-8BBC-4A50-AF05-BC9E2CD23F82}.Debug|Any CPU.Build.0 = Debug|Any CPU
		{43D914CD-8BBC-4A50-AF05-BC9E2CD23F82}.Release|Any CPU.ActiveCfg = Release|Any CPU
		{43D914CD-8BBC-4A50-AF05-BC9E2CD23F82}.Release|Any CPU.Build.0 = Release|Any CPU
		{785A962D-EF56-46A3-85C4-38DACA4C0DF1}.Debug|Any CPU.ActiveCfg = Debug|Any CPU
		{785A962D-EF56-46A3-85C4-38DACA4C0DF1}.Debug|Any CPU.Build.0 = Debug|Any CPU
		{785A962D-EF56-46A3-85C4-38DACA4C0DF1}.Release|Any CPU.ActiveCfg = Release|Any CPU
		{785A962D-EF56-46A3-85C4-38DACA4C0DF1}.Release|Any CPU.Build.0 = Release|Any CPU
	EndGlobalSection
	GlobalSection(SolutionProperties) = preSolution
		HideSolutionNode = FALSE
	EndGlobalSection
	GlobalSection(ExtensibilityGlobals) = postSolution
		SolutionGuid = {E38B8FB3-4003-47C2-8009-1EFE752A6E2B}
	EndGlobalSection
EndGlobal
